{
  "version": 4,
  "terraform_version": "1.1.3",
  "serial": 13,
  "lineage": "54596882-3131-285e-a67e-9220ef4e155c",
  "outputs": {},
  "resources": [
    {
      "mode": "data",
      "type": "nsxt_policy_service",
      "name": "HTTPS",
      "provider": "provider[\"registry.terraform.io/vmware/nsxt\"]",
      "instances": [
        {
          "schema_version": 0,
          "attributes": {
            "description": "HTTPS",
            "display_name": "HTTPS",
            "id": "HTTPS",
            "path": "/global-infra/services/HTTPS"
          },
          "sensitive_attributes": []
        }
      ]
    },
    {
      "mode": "data",
      "type": "nsxt_policy_service",
      "name": "ICMPv4-ALL",
      "provider": "provider[\"registry.terraform.io/vmware/nsxt\"]",
      "instances": [
        {
          "schema_version": 0,
          "attributes": {
            "description": "ICMPv4-ALL",
            "display_name": "ICMPv4-ALL",
            "id": "ICMPv4-ALL",
            "path": "/global-infra/services/ICMPv4-ALL"
          },
          "sensitive_attributes": []
        }
      ]
    },
    {
      "mode": "data",
      "type": "nsxt_policy_service",
      "name": "MySQL",
      "provider": "provider[\"registry.terraform.io/vmware/nsxt\"]",
      "instances": [
        {
          "schema_version": 0,
          "attributes": {
            "description": "MySQL",
            "display_name": "MySQL",
            "id": "MySQL",
            "path": "/global-infra/services/MySQL"
          },
          "sensitive_attributes": []
        }
      ]
    },
    {
      "mode": "data",
      "type": "nsxt_policy_tier0_gateway",
      "name": "t0-stretched",
      "provider": "provider[\"registry.terraform.io/vmware/nsxt\"]",
      "instances": [
        {
          "schema_version": 0,
          "attributes": {
            "description": "",
            "display_name": "t0-stretched",
            "edge_cluster_path": "",
            "id": "s-t0-gateway",
            "path": "/global-infra/tier-0s/s-t0-gateway"
          },
          "sensitive_attributes": []
        }
      ]
    },
    {
      "mode": "managed",
      "type": "nsxt_policy_group",
      "name": "g-db-stretched",
      "provider": "provider[\"registry.terraform.io/vmware/nsxt\"]",
      "instances": [
        {
          "schema_version": 0,
          "attributes": {
            "conjunction": [],
            "criteria": [
              {
                "condition": [
                  {
                    "key": "Tag",
                    "member_type": "VirtualMachine",
                    "operator": "EQUALS",
                    "value": "webapp|db"
                  }
                ],
                "ipaddress_expression": [],
                "macaddress_expression": [],
                "path_expression": []
              }
            ],
            "description": "Stretched Global db group",
            "display_name": "g-db-stretched",
            "domain": "default",
            "extended_criteria": [],
            "id": "g-db-stretched",
            "nsx_id": "g-db-stretched",
            "path": "/global-infra/domains/default/groups/g-db-stretched",
            "revision": 0,
            "tag": [
              {
                "scope": "webapp",
                "tag": "db"
              }
            ]
          },
          "sensitive_attributes": [],
          "private": "bnVsbA=="
        }
      ]
    },
    {
      "mode": "managed",
      "type": "nsxt_policy_group",
      "name": "g-web-stretched",
      "provider": "provider[\"registry.terraform.io/vmware/nsxt\"]",
      "instances": [
        {
          "schema_version": 0,
          "attributes": {
            "conjunction": [],
            "criteria": [
              {
                "condition": [
                  {
                    "key": "Tag",
                    "member_type": "VirtualMachine",
                    "operator": "EQUALS",
                    "value": "webapp|web"
                  }
                ],
                "ipaddress_expression": [],
                "macaddress_expression": [],
                "path_expression": []
              }
            ],
            "description": "Stretched Global web group",
            "display_name": "g-web-stretched",
            "domain": "default",
            "extended_criteria": [],
            "id": "g-web-stretched",
            "nsx_id": "g-web-stretched",
            "path": "/global-infra/domains/default/groups/g-web-stretched",
            "revision": 0,
            "tag": [
              {
                "scope": "webapp",
                "tag": "web"
              }
            ]
          },
          "sensitive_attributes": [],
          "private": "bnVsbA=="
        }
      ]
    },
    {
      "mode": "managed",
      "type": "nsxt_policy_security_policy",
      "name": "stretched-dfw",
      "provider": "provider[\"registry.terraform.io/vmware/nsxt\"]",
      "instances": [
        {
          "schema_version": 0,
          "attributes": {
            "category": "Application",
            "comments": "",
            "description": "2-tier webapp Security Policy",
            "display_name": "stretched-dfw",
            "domain": "default",
            "id": "5d7a2357-de5f-49e8-843e-eadad661c843",
            "locked": false,
            "nsx_id": "5d7a2357-de5f-49e8-843e-eadad661c843",
            "path": "/global-infra/domains/default/security-policies/5d7a2357-de5f-49e8-843e-eadad661c843",
            "revision": 0,
            "rule": [
              {
                "action": "ALLOW",
                "description": "",
                "destination_groups": [
                  "/global-infra/domains/default/groups/g-web-stretched"
                ],
                "destinations_excluded": false,
                "direction": "IN_OUT",
                "disabled": true,
                "display_name": "any2web",
                "ip_version": "IPV4_IPV6",
                "log_label": "",
                "logged": true,
                "notes": "",
                "nsx_id": "1f421f54-4bc1-4444-8bd0-0211900d7f54",
                "profiles": [],
                "revision": 0,
                "rule_id": 1002055,
                "scope": [],
                "sequence_number": 0,
                "services": [
                  "/global-infra/services/HTTPS",
                  "/global-infra/services/ICMPv4-ALL"
                ],
                "source_groups": [],
                "sources_excluded": false,
                "tag": []
              },
              {
                "action": "ALLOW",
                "description": "",
                "destination_groups": [
                  "/global-infra/domains/default/groups/g-db-stretched"
                ],
                "destinations_excluded": false,
                "direction": "IN_OUT",
                "disabled": true,
                "display_name": "web2db",
                "ip_version": "IPV4_IPV6",
                "log_label": "",
                "logged": true,
                "notes": "",
                "nsx_id": "dc0e40a9-e031-4c47-80a1-53355736e63f",
                "profiles": [],
                "revision": 0,
                "rule_id": 1002054,
                "scope": [],
                "sequence_number": 1,
                "services": [
                  "/global-infra/services/MySQL"
                ],
                "source_groups": [
                  "/global-infra/domains/default/groups/g-web-stretched"
                ],
                "sources_excluded": false,
                "tag": []
              },
              {
                "action": "DROP",
                "description": "",
                "destination_groups": [],
                "destinations_excluded": false,
                "direction": "IN_OUT",
                "disabled": true,
                "display_name": "anyany",
                "ip_version": "IPV4_IPV6",
                "log_label": "",
                "logged": false,
                "notes": "",
                "nsx_id": "7ac1c08b-65f6-4953-af2c-ae5dff0336b3",
                "profiles": [],
                "revision": 0,
                "rule_id": 1002053,
                "scope": [],
                "sequence_number": 2,
                "services": [],
                "source_groups": [],
                "sources_excluded": false,
                "tag": []
              }
            ],
            "scope": [
              "/global-infra/domains/default/groups/g-db-stretched",
              "/global-infra/domains/default/groups/g-web-stretched"
            ],
            "sequence_number": 0,
            "stateful": true,
            "tag": [],
            "tcp_strict": false
          },
          "sensitive_attributes": [],
          "private": "bnVsbA==",
          "dependencies": [
            "data.nsxt_policy_service.MySQL",
            "nsxt_policy_group.g-db-stretched",
            "nsxt_policy_group.g-web-stretched",
            "data.nsxt_policy_service.HTTPS",
            "data.nsxt_policy_service.ICMPv4-ALL"
          ]
        }
      ]
    },
    {
      "mode": "managed",
      "type": "nsxt_policy_segment",
      "name": "ov-db-stretched",
      "provider": "provider[\"registry.terraform.io/vmware/nsxt\"]",
      "instances": [
        {
          "schema_version": 0,
          "attributes": {
            "advanced_config": [],
            "connectivity_path": "/global-infra/tier-1s/035daf3b-aaa0-4f78-94d6-38bea342b78f",
            "description": "Strectched DB Segment",
            "dhcp_config_path": "",
            "discovery_profile": [],
            "display_name": "ov-db-stretched",
            "domain_name": "",
            "id": "719d3372-6985-4240-b936-a424a0ef0985",
            "l2_extension": [],
            "nsx_id": "719d3372-6985-4240-b936-a424a0ef0985",
            "overlay_id": 0,
            "path": "/global-infra/segments/719d3372-6985-4240-b936-a424a0ef0985",
            "qos_profile": [],
            "revision": 3,
            "security_profile": [],
            "subnet": [
              {
                "cidr": "172.16.20.1/24",
                "dhcp_ranges": [],
                "dhcp_v4_config": [],
                "dhcp_v6_config": [],
                "network": "172.16.20.0/24"
              }
            ],
            "tag": [
              {
                "scope": "zone",
                "tag": "internal"
              }
            ],
            "transport_zone_path": "",
            "vlan_ids": []
          },
          "sensitive_attributes": [],
          "private": "bnVsbA==",
          "dependencies": [
            "data.nsxt_policy_tier0_gateway.t0-stretched",
            "nsxt_policy_tier1_gateway.t1-stretched"
          ]
        }
      ]
    },
    {
      "mode": "managed",
      "type": "nsxt_policy_segment",
      "name": "ov-web-stretched",
      "provider": "provider[\"registry.terraform.io/vmware/nsxt\"]",
      "instances": [
        {
          "schema_version": 0,
          "attributes": {
            "advanced_config": [],
            "connectivity_path": "/global-infra/tier-1s/035daf3b-aaa0-4f78-94d6-38bea342b78f",
            "description": "Strectched Web Segment",
            "dhcp_config_path": "",
            "discovery_profile": [],
            "display_name": "ov-web-stretched",
            "domain_name": "",
            "id": "a11fc02a-ec2c-48d8-b5c7-e67f329612f7",
            "l2_extension": [],
            "nsx_id": "a11fc02a-ec2c-48d8-b5c7-e67f329612f7",
            "overlay_id": 0,
            "path": "/global-infra/segments/a11fc02a-ec2c-48d8-b5c7-e67f329612f7",
            "qos_profile": [],
            "revision": 3,
            "security_profile": [],
            "subnet": [
              {
                "cidr": "172.16.10.1/24",
                "dhcp_ranges": [],
                "dhcp_v4_config": [],
                "dhcp_v6_config": [],
                "network": "172.16.10.0/24"
              }
            ],
            "tag": [
              {
                "scope": "zone",
                "tag": "internal"
              }
            ],
            "transport_zone_path": "",
            "vlan_ids": []
          },
          "sensitive_attributes": [],
          "private": "bnVsbA==",
          "dependencies": [
            "nsxt_policy_tier1_gateway.t1-stretched"
          ]
        }
      ]
    },
    {
      "mode": "managed",
      "type": "nsxt_policy_tier1_gateway",
      "name": "t1-stretched",
      "provider": "provider[\"registry.terraform.io/vmware/nsxt\"]",
      "instances": [
        {
          "schema_version": 0,
          "attributes": {
            "default_rule_logging": false,
            "description": "Tier-1 Stretched",
            "dhcp_config_path": null,
            "display_name": "t1-stretched",
            "edge_cluster_path": "",
            "egress_qos_profile_path": null,
            "enable_firewall": false,
            "enable_standby_relocation": false,
            "failover_mode": "PREEMPTIVE",
            "force_whitelisting": false,
            "id": "035daf3b-aaa0-4f78-94d6-38bea342b78f",
            "ingress_qos_profile_path": null,
            "intersite_config": [
              {
                "fallback_site_paths": [],
                "primary_site_path": "",
                "transit_subnet": "169.254.32.0/20"
              }
            ],
            "ipv6_dad_profile_path": "/global-infra/ipv6-dad-profiles/default",
            "ipv6_ndra_profile_path": "/global-infra/ipv6-ndra-profiles/default",
            "locale_service": [],
            "nsx_id": "035daf3b-aaa0-4f78-94d6-38bea342b78f",
            "path": "/global-infra/tier-1s/035daf3b-aaa0-4f78-94d6-38bea342b78f",
            "pool_allocation": "ROUTING",
            "revision": 2,
            "route_advertisement_rule": [],
            "route_advertisement_types": [
              "TIER1_STATIC_ROUTES"
            ],
            "tag": [],
            "tier0_path": "/global-infra/tier-0s/s-t0-gateway"
          },
          "sensitive_attributes": [],
          "private": "bnVsbA==",
          "dependencies": [
            "data.nsxt_policy_tier0_gateway.t0-stretched"
          ]
        }
      ]
    }
  ]
}
